
Microsoft Visual Studio Solution File, Format Version 12.00
# Visual Studio Version 17
VisualStudioVersion = 17.7.34024.191
MinimumVisualStudioVersion = 10.0.40219.1
Project("{FAE04EC0-301F-11D3-BF4B-00C04F79EFBC}") = "Reproductor", "Reproductor\Reproductor.csproj", "{CF4FA3E3-5CB8-4D7B-AAFB-2EDAA3DD7779}"
EndProject
Global
	GlobalSection(SolutionConfigurationPlatforms) = preSolution
		Debug|Any CPU = Debug|Any CPU
		Release|Any CPU = Release|Any CPU
	EndGlobalSection
	GlobalSection(ProjectConfigurationPlatforms) = postSolution
		{CF4FA3E3-5CB8-4D7B-AAFB-2EDAA3DD7779}.Debug|Any CPU.ActiveCfg = Debug|Any CPU
		{CF4FA3E3-5CB8-4D7B-AAFB-2EDAA3DD7779}.Debug|Any CPU.Build.0 = Debug|Any CPU
		{CF4FA3E3-5CB8-4D7B-AAFB-2EDAA3DD7779}.Release|Any CPU.ActiveCfg = Release|Any CPU
		{CF4FA3E3-5CB8-4D7B-AAFB-2EDAA3DD7779}.Release|Any CPU.Build.0 = Release|Any CPU
	EndGlobalSection
	GlobalSection(SolutionProperties) = preSolution
		HideSolutionNode = FALSE
	EndGlobalSection
	GlobalSection(ExtensibilityGlobals) = postSolution
		SolutionGuid = {1BCAE107-115C-4CA2-8C49-A2205E785F67}
	EndGlobalSection
EndGlobal
